
Microsoft Visual Studio Solution File, Format Version 12.00
# Visual Studio 15
Project("{FAE04EC0-301F-11D3-BF4B-00C04F79EFBC}") = "VirtualReality_LeapMotion_Piano-master", "VirtualReality_LeapMotion_Piano-master.csproj", "{925A33AA-1CAB-02AB-E103-5529BE2826AA}"
EndProject
Project("{FAE04EC0-301F-11D3-BF4B-00C04F79EFBC}") = "VirtualReality_LeapMotion_Piano-master.Editor", "VirtualReality_LeapMotion_Piano-master.Editor.csproj", "{11A6BDAC-BA7A-7F6C-068F-54F88B342B51}"
EndProject
Global
	GlobalSection(SolutionConfigurationPlatforms) = preSolution
		Debug|Any CPU = Debug|Any CPU
		Release|Any CPU = Release|Any CPU
	EndGlobalSection
	GlobalSection(ProjectConfigurationPlatforms) = postSolution
		{925A33AA-1CAB-02AB-E103-5529BE2826AA}.Debug|Any CPU.ActiveCfg = Debug|Any CPU
		{925A33AA-1CAB-02AB-E103-5529BE2826AA}.Debug|Any CPU.Build.0 = Debug|Any CPU
		{925A33AA-1CAB-02AB-E103-5529BE2826AA}.Release|Any CPU.ActiveCfg = Release|Any CPU
		{925A33AA-1CAB-02AB-E103-5529BE2826AA}.Release|Any CPU.Build.0 = Release|Any CPU
		{11A6BDAC-BA7A-7F6C-068F-54F88B342B51}.Debug|Any CPU.ActiveCfg = Debug|Any CPU
		{11A6BDAC-BA7A-7F6C-068F-54F88B342B51}.Debug|Any CPU.Build.0 = Debug|Any CPU
		{11A6BDAC-BA7A-7F6C-068F-54F88B342B51}.Release|Any CPU.ActiveCfg = Release|Any CPU
		{11A6BDAC-BA7A-7F6C-068F-54F88B342B51}.Release|Any CPU.Build.0 = Release|Any CPU
	EndGlobalSection
	GlobalSection(SolutionProperties) = preSolution
		HideSolutionNode = FALSE
	EndGlobalSection
EndGlobal
